Microsoft Visual Studio Solution File, Format Version 12.00
# Visual Studio Version 17
VisualStudioVersion = 17.14.36429.23
MinimumVisualStudioVersion = 10.0.40219.1
Project("{FAE04EC0-301F-11D3-BF4B-00C04F79EFBC}") = "IoTAgriculture.API", "src\IoTAgriculture.API\IoTAgriculture.API.csproj", "{26A5BE91-37A4-4E73-A749-FB61B7D4A1D1}"
EndProject
Project("{FAE04EC0-301F-11D3-BF4B-00C04F79EFBC}") = "IoTAgriculture.Application", "src\IoTAgriculture.Application\IoTAgriculture.Application.csproj", "{DB55A4FC-E984-45BE-9E7B-68970DE41281}"
EndProject
Project("{FAE04EC0-301F-11D3-BF4B-00C04F79EFBC}") = "IoTAgriculture.Infrastructure", "src\IoTAgriculture.Infrastructure\IoTAgriculture.Infrastructure.csproj", "{114D9092-CC19-412A-BA49-0118375257E5}"
EndProject
Project("{FAE04EC0-301F-11D3-BF4B-00C04F79EFBC}") = "IoTAgriculture.Domain", "src\IoTAgriculture.Domain\IoTAgriculture.Domain.csproj", "{16A8DA26-59DF-4C3D-814D-70B5D2F92151}"
EndProject
Project("{FAE04EC0-301F-11D3-BF4B-00C04F79EFBC}") = "IoTAgriculture.Tests", "tests\IoTAgriculture.Tests\IoTAgriculture.Tests.csproj", "{5BE34342-4F36-4096-96FB-CFB64CE8B77D}"
EndProject
Global
	GlobalSection(SolutionConfigurationPlatforms) = preSolution
		Debug|Any CPU = Debug|Any CPU
		Release|Any CPU = Release|Any CPU
	EndGlobalSection
	GlobalSection(ProjectConfigurationPlatforms) = postSolution
		{26A5BE91-37A4-4E73-A749-FB61B7D4A1D1}.Debug|Any CPU.ActiveCfg = Debug|Any CPU
		{26A5BE91-37A4-4E73-A749-FB61B7D4A1D1}.Debug|Any CPU.Build.0 = Debug|Any CPU
		{26A5BE91-37A4-4E73-A749-FB61B7D4A1D1}.Release|Any CPU.ActiveCfg = Release|Any CPU
		{26A5BE91-37A4-4E73-A749-FB61B7D4A1D1}.Release|Any CPU.Build.0 = Release|Any CPU
		{DB55A4FC-E984-45BE-9E7B-68970DE41281}.Debug|Any CPU.ActiveCfg = Debug|Any CPU
		{DB55A4FC-E984-45BE-9E7B-68970DE41281}.Debug|Any CPU.Build.0 = Debug|Any CPU
		{DB55A4FC-E984-45BE-9E7B-68970DE41281}.Release|Any CPU.ActiveCfg = Release|Any CPU
		{DB55A4FC-E984-45BE-9E7B-68970DE41281}.Release|Any CPU.Build.0 = Release|Any CPU
		{114D9092-CC19-412A-BA49-0118375257E5}.Debug|Any CPU.ActiveCfg = Debug|Any CPU
		{114D9092-CC19-412A-BA49-0118375257E5}.Debug|Any CPU.Build.0 = Debug|Any CPU
		{114D9092-CC19-412A-BA49-0118375257E5}.Release|Any CPU.ActiveCfg = Release|Any CPU
		{114D9092-CC19-412A-BA49-0118375257E5}.Release|Any CPU.Build.0 = Release|Any CPU
		{16A8DA26-59DF-4C3D-814D-70B5D2F92151}.Debug|Any CPU.ActiveCfg = Debug|Any CPU
		{16A8DA26-59DF-4C3D-814D-70B5D2F92151}.Debug|Any CPU.Build.0 = Debug|Any CPU
		{16A8DA26-59DF-4C3D-814D-70B5D2F92151}.Release|Any CPU.ActiveCfg = Release|Any CPU
		{16A8DA26-59DF-4C3D-814D-70B5D2F92151}.Release|Any CPU.Build.0 = Release|Any CPU
		{5BE34342-4F36-4096-96FB-CFB64CE8B77D}.Debug|Any CPU.ActiveCfg = Debug|Any CPU
		{5BE34342-4F36-4096-96FB-CFB64CE8B77D}.Debug|Any CPU.Build.0 = Debug|Any CPU
		{5BE34342-4F36-4096-96FB-CFB64CE8B77D}.Release|Any CPU.ActiveCfg = Release|Any CPU
		{5BE34342-4F36-4096-96FB-CFB64CE8B77D}.Release|Any CPU.Build.0 = Release|Any CPU
	EndGlobalSection
	GlobalSection(SolutionProperties) = preSolution
		HideSolutionNode = FALSE
	EndGlobalSection
	GlobalSection(ExtensibilityGlobals) = postSolution
		SolutionGuid = {0D2766C0-449D-45B7-A78B-7B88A3D5DE8E}
	EndGlobalSection
EndGlobal
